# THIS IS AN AUTOGENERATED FILE. DO NOT EDIT THIS FILE DIRECTLY.
# yarn lockfile v1


"@vant/weapp@^1.10.13":
  version "1.10.13"
  resolved "https://registry.yarnpkg.com/@vant/weapp/-/weapp-1.10.13.tgz#795c52b4e5a757ad02091df2c9910e63daabffe6"
  integrity sha512-Ps56qHY60W0QpaFKgzN2UGWfzCcKfZrM7QZVfFM3Qx9Kpm/Tnqln+mrGSMiI84+6qU0Bv1xKX6FBDa04yNiwAQ==
